
Microsoft Visual Studio Solution File, Format Version 12.00
# Visual Studio 15
VisualStudioVersion = 15.0.27130.2027
MinimumVisualStudioVersion = 10.0.40219.1
Project("{8BC9CEB8-8B4A-11D0-8D11-00A0C91BC942}") = "Lab1", "Lab1\Lab1.vcxproj", "{134AE965-D79B-4BC5-B1E8-951352824531}"
EndProject
Project("{8BC9CEB8-8B4A-11D0-8D11-00A0C91BC942}") = "Lab2", "Lab2\Lab2.vcxproj", "{82AD2DFB-CFE6-4958-B139-9800A84AC291}"
EndProject
Project("{8BC9CEB8-8B4A-11D0-8D11-00A0C91BC942}") = "Lab3", "Lab3\Lab3.vcxproj", "{0F92F476-29E8-4B26-B87D-4869414AD6D5}"
EndProject
Project("{8BC9CEB8-8B4A-11D0-8D11-00A0C91BC942}") = "Lab4", "Lab4\Lab4.vcxproj", "{E6D968B1-2E04-410E-A6E7-BF7EFE9FB478}"
EndProject
Project("{8BC9CEB8-8B4A-11D0-8D11-00A0C91BC942}") = "Lab5", "Lab5\Lab5.vcxproj", "{DAE96487-F46F-422B-B910-841CAA02B46B}"
EndProject
Project("{8BC9CEB8-8B4A-11D0-8D11-00A0C91BC942}") = "Lab6", "Lab6\Lab6.vcxproj", "{07D096A2-7459-4C20-A295-DFECF0EB1967}"
EndProject
Project("{8BC9CEB8-8B4A-11D0-8D11-00A0C91BC942}") = "Lab7", "Lab7\Lab7.vcxproj", "{CAF9A59A-7DDB-4638-8D24-82BCFC3249D8}"
EndProject
Project("{8BC9CEB8-8B4A-11D0-8D11-00A0C91BC942}") = "Lab8", "Lab8\Lab8.vcxproj", "{E567F621-41EF-44CF-A32C-B983674346EF}"
EndProject
Project("{8BC9CEB8-8B4A-11D0-8D11-00A0C91BC942}") = "Lab9", "Lab9\Lab9.vcxproj", "{C71B372E-D917-4AC7-80A1-A628D8368006}"
EndProject
Project("{8BC9CEB8-8B4A-11D0-8D11-00A0C91BC942}") = "Lab10", "Lab10\Lab10.vcxproj", "{A6E1A43D-C33E-4252-ADFB-B645F3CC2827}"
EndProject
Project("{8BC9CEB8-8B4A-11D0-8D11-00A0C91BC942}") = "Lab11", "Lab11\Lab11.vcxproj", "{49B82334-2EBB-4FF6-8C1C-21CEA73CB203}"
EndProject
Global
	GlobalSection(SolutionConfigurationPlatforms) = preSolution
		Debug|x64 = Debug|x64
		Debug|x86 = Debug|x86
		Release|x64 = Release|x64
		Release|x86 = Release|x86
	EndGlobalSection
	GlobalSection(ProjectConfigurationPlatforms) = postSolution
		{134AE965-D79B-4BC5-B1E8-951352824531}.Debug|x64.ActiveCfg = Debug|x64
		{134AE965-D79B-4BC5-B1E8-951352824531}.Debug|x64.Build.0 = Debug|x64
		{134AE965-D79B-4BC5-B1E8-951352824531}.Debug|x86.ActiveCfg = Debug|Win32
		{134AE965-D79B-4BC5-B1E8-951352824531}.Debug|x86.Build.0 = Debug|Win32
		{134AE965-D79B-4BC5-B1E8-951352824531}.Release|x64.ActiveCfg = Release|x64
		{134AE965-D79B-4BC5-B1E8-951352824531}.Release|x64.Build.0 = Release|x64
		{134AE965-D79B-4BC5-B1E8-951352824531}.Release|x86.ActiveCfg = Release|Win32
		{134AE965-D79B-4BC5-B1E8-951352824531}.Release|x86.Build.0 = Release|Win32
		{82AD2DFB-CFE6-4958-B139-9800A84AC291}.Debug|x64.ActiveCfg = Debug|x64
		{82AD2DFB-CFE6-4958-B139-9800A84AC291}.Debug|x64.Build.0 = Debug|x64
		{82AD2DFB-CFE6-4958-B139-9800A84AC291}.Debug|x86.ActiveCfg = Debug|Win32
		{82AD2DFB-CFE6-4958-B139-9800A84AC291}.Debug|x86.Build.0 = Debug|Win32
		{82AD2DFB-CFE6-4958-B139-9800A84AC291}.Release|x64.ActiveCfg = Release|x64
		{82AD2DFB-CFE6-4958-B139-9800A84AC291}.Release|x64.Build.0 = Release|x64
		{82AD2DFB-CFE6-4958-B139-9800A84AC291}.Release|x86.ActiveCfg = Release|Win32
		{82AD2DFB-CFE6-4958-B139-9800A84AC291}.Release|x86.Build.0 = Release|Win32
		{0F92F476-29E8-4B26-B87D-4869414AD6D5}.Debug|x64.ActiveCfg = Debug|x64
		{0F92F476-29E8-4B26-B87D-4869414AD6D5}.Debug|x64.Build.0 = Debug|x64
		{0F92F476-29E8-4B26-B87D-4869414AD6D5}.Debug|x86.ActiveCfg = Debug|Win32
		{0F92F476-29E8-4B26-B87D-4869414AD6D5}.Debug|x86.Build.0 = Debug|Win32
		{0F92F476-29E8-4B26-B87D-4869414AD6D5}.Release|x64.ActiveCfg = Release|x64
		{0F92F476-29E8-4B26-B87D-4869414AD6D5}.Release|x64.Build.0 = Release|x64
		{0F92F476-29E8-4B26-B87D-4869414AD6D5}.Release|x86.ActiveCfg = Release|Win32
		{0F92F476-29E8-4B26-B87D-4869414AD6D5}.Release|x86.Build.0 = Release|Win32
		{E6D968B1-2E04-410E-A6E7-BF7EFE9FB478}.Debug|x64.ActiveCfg = Debug|x64
		{E6D968B1-2E04-410E-A6E7-BF7EFE9FB478}.Debug|x64.Build.0 = Debug|x64
		{E6D968B1-2E04-410E-A6E7-BF7EFE9FB478}.Debug|x86.ActiveCfg = Debug|Win32
		{E6D968B1-2E04-410E-A6E7-BF7EFE9FB478}.Debug|x86.Build.0 = Debug|Win32
		{E6D968B1-2E04-410E-A6E7-BF7EFE9FB478}.Release|x64.ActiveCfg = Release|x64
		{E6D968B1-2E04-410E-A6E7-BF7EFE9FB478}.Release|x64.Build.0 = Release|x64
		{E6D968B1-2E04-410E-A6E7-BF7EFE9FB478}.Release|x86.ActiveCfg = Release|Win32
		{E6D968B1-2E04-410E-A6E7-BF7EFE9FB478}.Release|x86.Build.0 = Release|Win32
		{DAE96487-F46F-422B-B910-841CAA02B46B}.Debug|x64.ActiveCfg = Debug|x64
		{DAE96487-F46F-422B-B910-841CAA02B46B}.Debug|x64.Build.0 = Debug|x64
		{DAE96487-F46F-422B-B910-841CAA02B46B}.Debug|x86.ActiveCfg = Debug|Win32
		{DAE96487-F46F-422B-B910-841CAA02B46B}.Debug|x86.Build.0 = Debug|Win32
		{DAE96487-F46F-422B-B910-841CAA02B46B}.Release|x64.ActiveCfg = Release|x64
		{DAE96487-F46F-422B-B910-841CAA02B46B}.Release|x64.Build.0 = Release|x64
		{DAE96487-F46F-422B-B910-841CAA02B46B}.Release|x86.ActiveCfg = Release|Win32
		{DAE96487-F46F-422B-B910-841CAA02B46B}.Release|x86.Build.0 = Release|Win32
		{07D096A2-7459-4C20-A295-DFECF0EB1967}.Debug|x64.ActiveCfg = Debug|x64
		{07D096A2-7459-4C20-A295-DFECF0EB1967}.Debug|x64.Build.0 = Debug|x64
		{07D096A2-7459-4C20-A295-DFECF0EB1967}.Debug|x86.ActiveCfg = Debug|Win32
		{07D096A2-7459-4C20-A295-DFECF0EB1967}.Debug|x86.Build.0 = Debug|Win32
		{07D096A2-7459-4C20-A295-DFECF0EB1967}.Release|x64.ActiveCfg = Release|x64
		{07D096A2-7459-4C20-A295-DFECF0EB1967}.Release|x64.Build.0 = Release|x64
		{07D096A2-7459-4C20-A295-DFECF0EB1967}.Release|x86.ActiveCfg = Release|Win32
		{07D096A2-7459-4C20-A295-DFECF0EB1967}.Release|x86.Build.0 = Release|Win32
		{CAF9A59A-7DDB-4638-8D24-82BCFC3249D8}.Debug|x64.ActiveCfg = Debug|x64
		{CAF9A59A-7DDB-4638-8D24-82BCFC3249D8}.Debug|x64.Build.0 = Debug|x64
		{CAF9A59A-7DDB-4638-8D24-82BCFC3249D8}.Debug|x86.ActiveCfg = Debug|Win32
		{CAF9A59A-7DDB-4638-8D24-82BCFC3249D8}.Debug|x86.Build.0 = Debug|Win32
		{CAF9A59A-7DDB-4638-8D24-82BCFC3249D8}.Release|x64.ActiveCfg = Release|x64
		{CAF9A59A-7DDB-4638-8D24-82BCFC3249D8}.Release|x64.Build.0 = Release|x64
		{CAF9A59A-7DDB-4638-8D24-82BCFC3249D8}.Release|x86.ActiveCfg = Release|Win32
		{CAF9A59A-7DDB-4638-8D24-82BCFC3249D8}.Release|x86.Build.0 = Release|Win32
		{E567F621-41EF-44CF-A32C-B983674346EF}.Debug|x64.ActiveCfg = Debug|x64
		{E567F621-41EF-44CF-A32C-B983674346EF}.Debug|x64.Build.0 = Debug|x64
		{E567F621-41EF-44CF-A32C-B983674346EF}.Debug|x86.ActiveCfg = Debug|Win32
		{E567F621-41EF-44CF-A32C-B983674346EF}.Debug|x86.Build.0 = Debug|Win32
		{E567F621-41EF-44CF-A32C-B983674346EF}.Release|x64.ActiveCfg = Release|x64
		{E567F621-41EF-44CF-A32C-B983674346EF}.Release|x64.Build.0 = Release|x64
		{E567F621-41EF-44CF-A32C-B983674346EF}.Release|x86.ActiveCfg = Release|Win32
		{E567F621-41EF-44CF-A32C-B983674346EF}.Release|x86.Build.0 = Release|Win32
		{C71B372E-D917-4AC7-80A1-A628D8368006}.Debug|x64.ActiveCfg = Debug|x64
		{C71B372E-D917-4AC7-80A1-A628D8368006}.Debug|x64.Build.0 = Debug|x64
		{C71B372E-D917-4AC7-80A1-A628D8368006}.Debug|x86.ActiveCfg = Debug|Win32
		{C71B372E-D917-4AC7-80A1-A628D8368006}.Debug|x86.Build.0 = Debug|Win32
		{C71B372E-D917-4AC7-80A1-A628D8368006}.Release|x64.ActiveCfg = Release|x64
		{C71B372E-D917-4AC7-80A1-A628D8368006}.Release|x64.Build.0 = Release|x64
		{C71B372E-D917-4AC7-80A1-A628D8368006}.Release|x86.ActiveCfg = Release|Win32
		{C71B372E-D917-4AC7-80A1-A628D8368006}.Release|x86.Build.0 = Release|Win32
		{A6E1A43D-C33E-4252-ADFB-B645F3CC2827}.Debug|x64.ActiveCfg = Debug|x64
		{A6E1A43D-C33E-4252-ADFB-B645F3CC2827}.Debug|x64.Build.0 = Debug|x64
		{A6E1A43D-C33E-4252-ADFB-B645F3CC2827}.Debug|x86.ActiveCfg = Debug|Win32
		{A6E1A43D-C33E-4252-ADFB-B645F3CC2827}.Debug|x86.Build.0 = Debug|Win32
		{A6E1A43D-C33E-4252-ADFB-B645F3CC2827}.Release|x64.ActiveCfg = Release|x64
		{A6E1A43D-C33E-4252-ADFB-B645F3CC2827}.Release|x64.Build.0 = Release|x64
		{A6E1A43D-C33E-4252-ADFB-B645F3CC2827}.Release|x86.ActiveCfg = Release|Win32
		{A6E1A43D-C33E-4252-ADFB-B645F3CC2827}.Release|x86.Build.0 = Release|Win32
		{49B82334-2EBB-4FF6-8C1C-21CEA73CB203}.Debug|x64.ActiveCfg = Debug|x64
		{49B82334-2EBB-4FF6-8C1C-21CEA73CB203}.Debug|x64.Build.0 = Debug|x64
		{49B82334-2EBB-4FF6-8C1C-21CEA73CB203}.Debug|x86.ActiveCfg = Debug|Win32
		{49B82334-2EBB-4FF6-8C1C-21CEA73CB203}.Debug|x86.Build.0 = Debug|Win32
		{49B82334-2EBB-4FF6-8C1C-21CEA73CB203}.Release|x64.ActiveCfg = Release|x64
		{49B82334-2EBB-4FF6-8C1C-21CEA73CB203}.Release|x64.Build.0 = Release|x64
		{49B82334-2EBB-4FF6-8C1C-21CEA73CB203}.Release|x86.ActiveCfg = Release|Win32
		{49B82334-2EBB-4FF6-8C1C-21CEA73CB203}.Release|x86.Build.0 = Release|Win32
	EndGlobalSection
	GlobalSection(SolutionProperties) = preSolution
		HideSolutionNode = FALSE
	EndGlobalSection
	GlobalSection(ExtensibilityGlobals) = postSolution
		SolutionGuid = {175D9D1F-3DA1-431B-AB36-8B5E9FA1E6BC}
	EndGlobalSection
EndGlobal
